
Microsoft Visual Studio Solution File, Format Version 12.00
# Visual Studio Version 16
VisualStudioVersion = 16.0.28803.156
MinimumVisualStudioVersion = 10.0.40219.1
Project("{FAE04EC0-301F-11D3-BF4B-00C04F79EFBC}") = "PLANCHECK", "PLANCHECK\PLANCHECK.csproj", "{D47AB2BF-B2AE-4A11-BD18-94347E6CB200}"
EndProject
Project("{FAE04EC0-301F-11D3-BF4B-00C04F79EFBC}") = "PLANCHECK_SCRIPT", "PLANCHECK_SCRIPT\PLANCHECK_SCRIPT.csproj", "{AB7DA2C6-2CAC-439E-BE77-704D56866868}"
EndProject
Global
	GlobalSection(SolutionConfigurationPlatforms) = preSolution
		Debug|Any CPU = Debug|Any CPU
		Debug|x64 = Debug|x64
		ESAPI 13.7|Any CPU = ESAPI 13.7|Any CPU
		ESAPI 13.7|x64 = ESAPI 13.7|x64
		Release|Any CPU = Release|Any CPU
		Release|x64 = Release|x64
	EndGlobalSection
	GlobalSection(ProjectConfigurationPlatforms) = postSolution
		{D47AB2BF-B2AE-4A11-BD18-94347E6CB200}.Debug|Any CPU.ActiveCfg = Debug|Any CPU
		{D47AB2BF-B2AE-4A11-BD18-94347E6CB200}.Debug|Any CPU.Build.0 = Debug|Any CPU
		{D47AB2BF-B2AE-4A11-BD18-94347E6CB200}.Debug|x64.ActiveCfg = Debug|Any CPU
		{D47AB2BF-B2AE-4A11-BD18-94347E6CB200}.Debug|x64.Build.0 = Debug|Any CPU
		{D47AB2BF-B2AE-4A11-BD18-94347E6CB200}.ESAPI 13.7|Any CPU.ActiveCfg = Release|Any CPU
		{D47AB2BF-B2AE-4A11-BD18-94347E6CB200}.ESAPI 13.7|Any CPU.Build.0 = Release|Any CPU
		{D47AB2BF-B2AE-4A11-BD18-94347E6CB200}.ESAPI 13.7|x64.ActiveCfg = Release|Any CPU
		{D47AB2BF-B2AE-4A11-BD18-94347E6CB200}.ESAPI 13.7|x64.Build.0 = Release|Any CPU
		{D47AB2BF-B2AE-4A11-BD18-94347E6CB200}.Release|Any CPU.ActiveCfg = Release|Any CPU
		{D47AB2BF-B2AE-4A11-BD18-94347E6CB200}.Release|Any CPU.Build.0 = Release|Any CPU
		{D47AB2BF-B2AE-4A11-BD18-94347E6CB200}.Release|x64.ActiveCfg = Release|Any CPU
		{D47AB2BF-B2AE-4A11-BD18-94347E6CB200}.Release|x64.Build.0 = Release|Any CPU
		{AB7DA2C6-2CAC-439E-BE77-704D56866868}.Debug|Any CPU.ActiveCfg = Debug|Any CPU
		{AB7DA2C6-2CAC-439E-BE77-704D56866868}.Debug|Any CPU.Build.0 = Debug|Any CPU
		{AB7DA2C6-2CAC-439E-BE77-704D56866868}.Debug|x64.ActiveCfg = Debug|Any CPU
		{AB7DA2C6-2CAC-439E-BE77-704D56866868}.Debug|x64.Build.0 = Debug|Any CPU
		{AB7DA2C6-2CAC-439E-BE77-704D56866868}.ESAPI 13.7|Any CPU.ActiveCfg = Release|Any CPU
		{AB7DA2C6-2CAC-439E-BE77-704D56866868}.ESAPI 13.7|Any CPU.Build.0 = Release|Any CPU
		{AB7DA2C6-2CAC-439E-BE77-704D56866868}.ESAPI 13.7|x64.ActiveCfg = Release|Any CPU
		{AB7DA2C6-2CAC-439E-BE77-704D56866868}.ESAPI 13.7|x64.Build.0 = Release|Any CPU
		{AB7DA2C6-2CAC-439E-BE77-704D56866868}.Release|Any CPU.ActiveCfg = Release|Any CPU
		{AB7DA2C6-2CAC-439E-BE77-704D56866868}.Release|Any CPU.Build.0 = Release|Any CPU
		{AB7DA2C6-2CAC-439E-BE77-704D56866868}.Release|x64.ActiveCfg = Release|Any CPU
		{AB7DA2C6-2CAC-439E-BE77-704D56866868}.Release|x64.Build.0 = Release|Any CPU
	EndGlobalSection
	GlobalSection(SolutionProperties) = preSolution
		HideSolutionNode = FALSE
	EndGlobalSection
	GlobalSection(ExtensibilityGlobals) = postSolution
		SolutionGuid = {AA55235E-9851-4CA8-A6C4-729843550CCD}
	EndGlobalSection
EndGlobal
